
Microsoft Visual Studio Solution File, Format Version 12.00
# Visual Studio Version 16
VisualStudioVersion = 16.0.30404.54
MinimumVisualStudioVersion = 10.0.40219.1
Project("{9A19103F-16F7-4668-BE54-9A1E7A4F7556}") = "webapiProject", "webapiProject.csproj", "{39273D16-DB03-4800-8D5B-0CD62D635D41}"
EndProject
Global
	GlobalSection(SolutionConfigurationPlatforms) = preSolution
		Debug|Any CPU = Debug|Any CPU
		Release|Any CPU = Release|Any CPU
	EndGlobalSection
	GlobalSection(ProjectConfigurationPlatforms) = postSolution
		{39273D16-DB03-4800-8D5B-0CD62D635D41}.Debug|Any CPU.ActiveCfg = Debug|Any CPU
		{39273D16-DB03-4800-8D5B-0CD62D635D41}.Debug|Any CPU.Build.0 = Debug|Any CPU
		{39273D16-DB03-4800-8D5B-0CD62D635D41}.Release|Any CPU.ActiveCfg = Release|Any CPU
		{39273D16-DB03-4800-8D5B-0CD62D635D41}.Release|Any CPU.Build.0 = Release|Any CPU
	EndGlobalSection
	GlobalSection(SolutionProperties) = preSolution
		HideSolutionNode = FALSE
	EndGlobalSection
	GlobalSection(ExtensibilityGlobals) = postSolution
		SolutionGuid = {FC6BDEF3-8827-40AD-8694-2D1D933E27F1}
	EndGlobalSection
EndGlobal
